
Microsoft Visual Studio Solution File, Format Version 12.00
# Visual Studio Version 17
VisualStudioVersion = 17.0.31912.275
MinimumVisualStudioVersion = 10.0.40219.1
Project("{9A19103F-16F7-4668-BE54-9A1E7A4F7556}") = "CarRental.API", "CarRental.API\CarRental.API.csproj", "{E4E53902-71AD-4DF2-96A1-95A97E5E3157}"
EndProject
Project("{9A19103F-16F7-4668-BE54-9A1E7A4F7556}") = "CarRental.Application", "CarRental.Application\CarRental.Application.csproj", "{BB47D98F-CE6E-4570-9101-081A4D553097}"
EndProject
Project("{9A19103F-16F7-4668-BE54-9A1E7A4F7556}") = "CarRental.Domain", "CarRental.Domain\CarRental.Domain.csproj", "{BB0471F0-7AE5-41D1-A2D8-7B03C8031F60}"
EndProject
Project("{9A19103F-16F7-4668-BE54-9A1E7A4F7556}") = "CarRental.Infrastructure", "CarRental.Infrastructure\CarRental.Infrastructure.csproj", "{E4E53902-71AD-4DF2-96A1-95A97E5E3158}"
EndProject
Project("{2150E333-8FDC-42A3-9474-1A3956D46DE8}") = "Elementos de la solución", "Elementos de la solución", "{479215DC-BD4E-42C1-BDE0-4FD2C389BF82}"
	ProjectSection(SolutionItems) = preProject
		readme.md = readme.md
	EndProjectSection
EndProject
Global
	GlobalSection(SolutionConfigurationPlatforms) = preSolution
		Debug|Any CPU = Debug|Any CPU
		Release|Any CPU = Release|Any CPU
	EndGlobalSection
	GlobalSection(ProjectConfigurationPlatforms) = postSolution
		{E4E53902-71AD-4DF2-96A1-95A97E5E3157}.Debug|Any CPU.ActiveCfg = Debug|Any CPU
		{E4E53902-71AD-4DF2-96A1-95A97E5E3157}.Debug|Any CPU.Build.0 = Debug|Any CPU
		{E4E53902-71AD-4DF2-96A1-95A97E5E3157}.Release|Any CPU.ActiveCfg = Release|Any CPU
		{E4E53902-71AD-4DF2-96A1-95A97E5E3157}.Release|Any CPU.Build.0 = Release|Any CPU
		{BB47D98F-CE6E-4570-9101-081A4D553097}.Debug|Any CPU.ActiveCfg = Debug|Any CPU
		{BB47D98F-CE6E-4570-9101-081A4D553097}.Debug|Any CPU.Build.0 = Debug|Any CPU
		{BB47D98F-CE6E-4570-9101-081A4D553097}.Release|Any CPU.ActiveCfg = Release|Any CPU
		{BB47D98F-CE6E-4570-9101-081A4D553097}.Release|Any CPU.Build.0 = Release|Any CPU
		{BB0471F0-7AE5-41D1-A2D8-7B03C8031F60}.Debug|Any CPU.ActiveCfg = Debug|Any CPU
		{BB0471F0-7AE5-41D1-A2D8-7B03C8031F60}.Debug|Any CPU.Build.0 = Debug|Any CPU
		{BB0471F0-7AE5-41D1-A2D8-7B03C8031F60}.Release|Any CPU.ActiveCfg = Release|Any CPU
		{BB0471F0-7AE5-41D1-A2D8-7B03C8031F60}.Release|Any CPU.Build.0 = Release|Any CPU
		{E4E53902-71AD-4DF2-96A1-95A97E5E3158}.Debug|Any CPU.ActiveCfg = Debug|Any CPU
		{E4E53902-71AD-4DF2-96A1-95A97E5E3158}.Debug|Any CPU.Build.0 = Debug|Any CPU
		{E4E53902-71AD-4DF2-96A1-95A97E5E3158}.Release|Any CPU.ActiveCfg = Release|Any CPU
		{E4E53902-71AD-4DF2-96A1-95A97E5E3158}.Release|Any CPU.Build.0 = Release|Any CPU
	EndGlobalSection
	GlobalSection(SolutionProperties) = preSolution
		HideSolutionNode = FALSE
	EndGlobalSection
EndGlobal
